// !$*UTF8*$!
{
	archiveVersion = 1;
	classes = {
	};
	objectVersion = 46;
	objects = {

/* Begin PBXBuildFile section */
		61487B2816C1DC8600F47241 /* UIKit.framework in Frameworks */ = {isa = PBXBuildFile; fileRef = 61487B2716C1DC8600F47241 /* UIKit.framework */; };
		61487B2A16C1DC8600F47241 /* Foundation.framework in Frameworks */ = {isa = PBXBuildFile; fileRef = 61487B2916C1DC8600F47241 /* Foundation.framework */; };
		61487B2C16C1DC8600F47241 /* CoreGraphics.framework in Frameworks */ = {isa = PBXBuildFile; fileRef = 61487B2B16C1DC8600F47241 /* CoreGraphics.framework */; };
		61487B3216C1DC8600F47241 /* InfoPlist.strings in Resources */ = {isa = PBXBuildFile; fileRef = 61487B3016C1DC8600F47241 /* InfoPlist.strings */; };
		61487B3416C1DC8600F47241 /* main.m in Sources */ = {isa = PBXBuildFile; fileRef = 61487B3316C1DC8600F47241 /* main.m */; };
		61487B3816C1DC8600F47241 /* BHAppDelegate.m in Sources */ = {isa = PBXBuildFile; fileRef = 61487B3716C1DC8600F47241 /* BHAppDelegate.m */; };
		61487B3A16C1DC8600F47241 /* Default.png in Resources */ = {isa = PBXBuildFile; fileRef = 61487B3916C1DC8600F47241 /* Default.png */; };
		61487B3C16C1DC8600F47241 /* Default@2x.png in Resources */ = {isa = PBXBuildFile; fileRef = 61487B3B16C1DC8600F47241 /* Default@2x.png */; };
		61487B3E16C1DC8600F47241 /* Default-568h@2x.png in Resources */ = {isa = PBXBuildFile; fileRef = 61487B3D16C1DC8600F47241 /* Default-568h@2x.png */; };
		61487B4116C1DC8600F47241 /* BHViewController.m in Sources */ = {isa = PBXBuildFile; fileRef = 61487B4016C1DC8600F47241 /* BHViewController.m */; };
		61487B5116C1DCDA00F47241 /* CoreBluetooth.framework in Frameworks */ = {isa = PBXBuildFile; fileRef = 61487B4A16C1DCDA00F47241 /* CoreBluetooth.framework */; };
		61487B5216C1DCDA00F47241 /* CoreData.framework in Frameworks */ = {isa = PBXBuildFile; fileRef = 61487B4B16C1DCDA00F47241 /* CoreData.framework */; };
		61487B5316C1DCDA00F47241 /* CoreLocation.framework in Frameworks */ = {isa = PBXBuildFile; fileRef = 61487B4C16C1DCDA00F47241 /* CoreLocation.framework */; };
		61487B5416C1DCDA00F47241 /* MobileCoreServices.framework in Frameworks */ = {isa = PBXBuildFile; fileRef = 61487B4D16C1DCDA00F47241 /* MobileCoreServices.framework */; };
		61487B5516C1DCDA00F47241 /* QuartzCore.framework in Frameworks */ = {isa = PBXBuildFile; fileRef = 61487B4E16C1DCDA00F47241 /* QuartzCore.framework */; };
		61487B5616C1DCDA00F47241 /* Security.framework in Frameworks */ = {isa = PBXBuildFile; fileRef = 61487B4F16C1DCDA00F47241 /* Security.framework */; };
		61487B5716C1DCDA00F47241 /* SystemConfiguration.framework in Frameworks */ = {isa = PBXBuildFile; fileRef = 61487B5016C1DCDA00F47241 /* SystemConfiguration.framework */; };
		61487B5D16C1DD7300F47241 /* BHRootViewController.m in Sources */ = {isa = PBXBuildFile; fileRef = 61487B5C16C1DD7300F47241 /* BHRootViewController.m */; };
		61487B6016C1DEC000F47241 /* BHCoreDataManager.m in Sources */ = {isa = PBXBuildFile; fileRef = 61487B5F16C1DEC000F47241 /* BHCoreDataManager.m */; };
		61487B6316C1E01900F47241 /* BHUtils.m in Sources */ = {isa = PBXBuildFile; fileRef = 61487B6216C1E01900F47241 /* BHUtils.m */; };
		61487B6716C1E2C300F47241 /* UUIDPoc.xcdatamodeld in Sources */ = {isa = PBXBuildFile; fileRef = 61487B6516C1E2C300F47241 /* UUIDPoc.xcdatamodeld */; };
		61487B6A16C1E4B900F47241 /* BHDashboardViewController.m in Sources */ = {isa = PBXBuildFile; fileRef = 61487B6916C1E4B900F47241 /* BHDashboardViewController.m */; };
		61487B6C16C1E4CD00F47241 /* BHDashboardViewController.xib in Resources */ = {isa = PBXBuildFile; fileRef = 61487B6B16C1E4CD00F47241 /* BHDashboardViewController.xib */; };
		61487B7216C2113100F47241 /* BHDashboardCollectionViewCell.m in Sources */ = {isa = PBXBuildFile; fileRef = 61487B7116C2113100F47241 /* BHDashboardCollectionViewCell.m */; };
		61487B7516C2116100F47241 /* BHDashboardCollectionViewCellContentView.m in Sources */ = {isa = PBXBuildFile; fileRef = 61487B7416C2116100F47241 /* BHDashboardCollectionViewCellContentView.m */; };
		61487B7716C2122800F47241 /* BHDashboardCollectionViewCellContentView.xib in Resources */ = {isa = PBXBuildFile; fileRef = 61487B7616C2122800F47241 /* BHDashboardCollectionViewCellContentView.xib */; };
		61A3FA7916D2BF0A00735DA2 /* libCBLEUUIDTest.a in Frameworks */ = {isa = PBXBuildFile; fileRef = 61A3FA7816D2BF0A00735DA2 /* libCBLEUUIDTest.a */; };
		61A3FA9316D2C0E800735DA2 /* DBTest.m in Sources */ = {isa = PBXBuildFile; fileRef = 61A3FA8C16D2C0E800735DA2 /* DBTest.m */; };
		61A3FA9516D2C0E800735DA2 /* DBDebugLog.m in Sources */ = {isa = PBXBuildFile; fileRef = 61A3FA9016D2C0E800735DA2 /* DBDebugLog.m */; };
		61A3FA9616D2C0E800735DA2 /* DBTransfer.m in Sources */ = {isa = PBXBuildFile; fileRef = 61A3FA9216D2C0E800735DA2 /* DBTransfer.m */; };
		61A3FA9916D2C15D00735DA2 /* BHTest.m in Sources */ = {isa = PBXBuildFile; fileRef = 61A3FA9816D2C15D00735DA2 /* BHTest.m */; };
		61A3FA9C16D2C3DC00735DA2 /* BHError.m in Sources */ = {isa = PBXBuildFile; fileRef = 61A3FA9B16D2C3DC00735DA2 /* BHError.m */; };
		61A3FA9F16D2C40800735DA2 /* DBError.m in Sources */ = {isa = PBXBuildFile; fileRef = 61A3FA9E16D2C40800735DA2 /* DBError.m */; };
		61A3FAA216D2C7EF00735DA2 /* BHDBObject.m in Sources */ = {isa = PBXBuildFile; fileRef = 61A3FAA116D2C7EF00735DA2 /* BHDBObject.m */; };
		61A3FAA516D2C8DF00735DA2 /* BHTransfer.m in Sources */ = {isa = PBXBuildFile; fileRef = 61A3FAA416D2C8DF00735DA2 /* BHTransfer.m */; };
		61A3FAA816D2CA4E00735DA2 /* BHDebugLog.m in Sources */ = {isa = PBXBuildFile; fileRef = 61A3FAA716D2CA4E00735DA2 /* BHDebugLog.m */; };
		61C5D78216D45FB800D64CE0 /* SenTestingKit.framework in Frameworks */ = {isa = PBXBuildFile; fileRef = 61C5D78116D45FB800D64CE0 /* SenTestingKit.framework */; };
		61C5D78316D45FB800D64CE0 /* UIKit.framework in Frameworks */ = {isa = PBXBuildFile; fileRef = 61487B2716C1DC8600F47241 /* UIKit.framework */; };
		61C5D78416D45FB800D64CE0 /* Foundation.framework in Frameworks */ = {isa = PBXBuildFile; fileRef = 61487B2916C1DC8600F47241 /* Foundation.framework */; };
		61C5D78A16D45FB800D64CE0 /* InfoPlist.strings in Resources */ = {isa = PBXBuildFile; fileRef = 61C5D78816D45FB800D64CE0 /* InfoPlist.strings */; };
		61C5D78D16D45FB800D64CE0 /* UUIDPocTests.m in Sources */ = {isa = PBXBuildFile; fileRef = 61C5D78C16D45FB800D64CE0 /* UUIDPocTests.m */; };
		61C5D79316D45FF200D64CE0 /* BHDashboardCollectionViewCell.m in Sources */ = {isa = PBXBuildFile; fileRef = 61487B7116C2113100F47241 /* BHDashboardCollectionViewCell.m */; };
		61C5D79416D45FF200D64CE0 /* BHDashboardCollectionViewCellContentView.m in Sources */ = {isa = PBXBuildFile; fileRef = 61487B7416C2116100F47241 /* BHDashboardCollectionViewCellContentView.m */; };
		61C5D79516D45FF200D64CE0 /* BHDBObject.m in Sources */ = {isa = PBXBuildFile; fileRef = 61A3FAA116D2C7EF00735DA2 /* BHDBObject.m */; };
		61C5D79616D45FF200D64CE0 /* BHDebugLog.m in Sources */ = {isa = PBXBuildFile; fileRef = 61A3FAA716D2CA4E00735DA2 /* BHDebugLog.m */; };
		61C5D79716D45FF200D64CE0 /* BHError.m in Sources */ = {isa = PBXBuildFile; fileRef = 61A3FA9B16D2C3DC00735DA2 /* BHError.m */; };
		61C5D79816D45FF200D64CE0 /* BHTest.m in Sources */ = {isa = PBXBuildFile; fileRef = 61A3FA9816D2C15D00735DA2 /* BHTest.m */; };
		61C5D79916D45FF200D64CE0 /* BHTransfer.m in Sources */ = {isa = PBXBuildFile; fileRef = 61A3FAA416D2C8DF00735DA2 /* BHTransfer.m */; };
		61C5D79A16D45FF200D64CE0 /* DBDebugLog.m in Sources */ = {isa = PBXBuildFile; fileRef = 61A3FA9016D2C0E800735DA2 /* DBDebugLog.m */; };
		61C5D79B16D45FF200D64CE0 /* DBError.m in Sources */ = {isa = PBXBuildFile; fileRef = 61A3FA9E16D2C40800735DA2 /* DBError.m */; };
		61C5D79C16D45FF200D64CE0 /* DBTest.m in Sources */ = {isa = PBXBuildFile; fileRef = 61A3FA8C16D2C0E800735DA2 /* DBTest.m */; };
		61C5D79D16D45FF200D64CE0 /* DBTransfer.m in Sources */ = {isa = PBXBuildFile; fileRef = 61A3FA9216D2C0E800735DA2 /* DBTransfer.m */; };
		61C5D79E16D45FF200D64CE0 /* BHAppDelegate.m in Sources */ = {isa = PBXBuildFile; fileRef = 61487B3716C1DC8600F47241 /* BHAppDelegate.m */; };
		61C5D79F16D45FF200D64CE0 /* BHCoreDataManager.m in Sources */ = {isa = PBXBuildFile; fileRef = 61487B5F16C1DEC000F47241 /* BHCoreDataManager.m */; };
		61C5D7A016D45FF200D64CE0 /* BHUtils.m in Sources */ = {isa = PBXBuildFile; fileRef = 61487B6216C1E01900F47241 /* BHUtils.m */; };
		61C5D7A116D45FF200D64CE0 /* BHViewController.m in Sources */ = {isa = PBXBuildFile; fileRef = 61487B4016C1DC8600F47241 /* BHViewController.m */; };
		61C5D7A216D45FF200D64CE0 /* BHRootViewController.m in Sources */ = {isa = PBXBuildFile; fileRef = 61487B5C16C1DD7300F47241 /* BHRootViewController.m */; };
		61C5D7A316D45FF200D64CE0 /* BHDashboardViewController.m in Sources */ = {isa = PBXBuildFile; fileRef = 61487B6916C1E4B900F47241 /* BHDashboardViewController.m */; };
		61C5D7A416D4603800D64CE0 /* CoreBluetooth.framework in Frameworks */ = {isa = PBXBuildFile; fileRef = 61487B4A16C1DCDA00F47241 /* CoreBluetooth.framework */; };
		61C5D7A516D4603800D64CE0 /* CoreData.framework in Frameworks */ = {isa = PBXBuildFile; fileRef = 61487B4B16C1DCDA00F47241 /* CoreData.framework */; };
		61C5D7A616D4603800D64CE0 /* CoreLocation.framework in Frameworks */ = {isa = PBXBuildFile; fileRef = 61487B4C16C1DCDA00F47241 /* CoreLocation.framework */; };
		61C5D7A716D4603800D64CE0 /* MobileCoreServices.framework in Frameworks */ = {isa = PBXBuildFile; fileRef = 61487B4D16C1DCDA00F47241 /* MobileCoreServices.framework */; };
		61C5D7A816D4603800D64CE0 /* QuartzCore.framework in Frameworks */ = {isa = PBXBuildFile; fileRef = 61487B4E16C1DCDA00F47241 /* QuartzCore.framework */; };
		61C5D7A916D4603800D64CE0 /* Security.framework in Frameworks */ = {isa = PBXBuildFile; fileRef = 61487B4F16C1DCDA00F47241 /* Security.framework */; };
		61C5D7AA16D4603800D64CE0 /* SystemConfiguration.framework in Frameworks */ = {isa = PBXBuildFile; fileRef = 61487B5016C1DCDA00F47241 /* SystemConfiguration.framework */; };
		61C5D7AC16D4603800D64CE0 /* libCBLEUUIDTest.a in Frameworks */ = {isa = PBXBuildFile; fileRef = 61C5D7AB16D4603800D64CE0 /* libCBLEUUIDTest.a */; };
		61C5D7AD16D4621400D64CE0 /* UUIDPoc.xcdatamodeld in Sources */ = {isa = PBXBuildFile; fileRef = 61487B6516C1E2C300F47241 /* UUIDPoc.xcdatamodeld */; };
/* End PBXBuildFile section */

/* Begin PBXFileReference section */
		61487B2316C1DC8600F47241 /* UUIDPoc.app */ = {isa = PBXFileReference; explicitFileType = wrapper.application; includeInIndex = 0; path = UUIDPoc.app; sourceTree = BUILT_PRODUCTS_DIR; };
		61487B2716C1DC8600F47241 /* UIKit.framework */ = {isa = PBXFileReference; lastKnownFileType = wrapper.framework; name = UIKit.framework; path = System/Library/Frameworks/UIKit.framework; sourceTree = SDKROOT; };
		61487B2916C1DC8600F47241 /* Foundation.framework */ = {isa = PBXFileReference; lastKnownFileType = wrapper.framework; name = Foundation.framework; path = System/Library/Frameworks/Foundation.framework; sourceTree = SDKROOT; };
		61487B2B16C1DC8600F47241 /* CoreGraphics.framework */ = {isa = PBXFileReference; lastKnownFileType = wrapper.framework; name = CoreGraphics.framework; path = System/Library/Frameworks/CoreGraphics.framework; sourceTree = SDKROOT; };
		61487B2F16C1DC8600F47241 /* UUIDPoc-Info.plist */ = {isa = PBXFileReference; lastKnownFileType = text.plist.xml; path = "UUIDPoc-Info.plist"; sourceTree = "<group>"; };
		61487B3116C1DC8600F47241 /* en */ = {isa = PBXFileReference; lastKnownFileType = text.plist.strings; name = en; path = en.lproj/InfoPlist.strings; sourceTree = "<group>"; };
		61487B3316C1DC8600F47241 /* main.m */ = {isa = PBXFileReference; lastKnownFileType = sourcecode.c.objc; path = main.m; sourceTree = "<group>"; };
		61487B3516C1DC8600F47241 /* UUIDPoc-Prefix.pch */ = {isa = PBXFileReference; lastKnownFileType = sourcecode.c.h; path = "UUIDPoc-Prefix.pch"; sourceTree = "<group>"; };
		61487B3616C1DC8600F47241 /* BHAppDelegate.h */ = {isa = PBXFileReference; lastKnownFileType = sourcecode.c.h; path = BHAppDelegate.h; sourceTree = "<group>"; };
		61487B3716C1DC8600F47241 /* BHAppDelegate.m */ = {isa = PBXFileReference; lastKnownFileType = sourcecode.c.objc; path = BHAppDelegate.m; sourceTree = "<group>"; };
		61487B3916C1DC8600F47241 /* Default.png */ = {isa = PBXFileReference; lastKnownFileType = image.png; path = Default.png; sourceTree = "<group>"; };
		61487B3B16C1DC8600F47241 /* Default@2x.png */ = {isa = PBXFileReference; lastKnownFileType = image.png; path = "Default@2x.png"; sourceTree = "<group>"; };
		61487B3D16C1DC8600F47241 /* Default-568h@2x.png */ = {isa = PBXFileReference; lastKnownFileType = image.png; path = "Default-568h@2x.png"; sourceTree = "<group>"; };
		61487B3F16C1DC8600F47241 /* BHViewController.h */ = {isa = PBXFileReference; lastKnownFileType = sourcecode.c.h; path = BHViewController.h; sourceTree = "<group>"; };
		61487B4016C1DC8600F47241 /* BHViewController.m */ = {isa = PBXFileReference; lastKnownFileType = sourcecode.c.objc; path = BHViewController.m; sourceTree = "<group>"; };
		61487B4A16C1DCDA00F47241 /* CoreBluetooth.framework */ = {isa = PBXFileReference; lastKnownFileType = wrapper.framework; name = CoreBluetooth.framework; path = System/Library/Frameworks/CoreBluetooth.framework; sourceTree = SDKROOT; };
		61487B4B16C1DCDA00F47241 /* CoreData.framework */ = {isa = PBXFileReference; lastKnownFileType = wrapper.framework; name = CoreData.framework; path = System/Library/Frameworks/CoreData.framework; sourceTree = SDKROOT; };
		61487B4C16C1DCDA00F47241 /* CoreLocation.framework */ = {isa = PBXFileReference; lastKnownFileType = wrapper.framework; name = CoreLocation.framework; path = System/Library/Frameworks/CoreLocation.framework; sourceTree = SDKROOT; };
		61487B4D16C1DCDA00F47241 /* MobileCoreServices.framework */ = {isa = PBXFileReference; lastKnownFileType = wrapper.framework; name = MobileCoreServices.framework; path = System/Library/Frameworks/MobileCoreServices.framework; sourceTree = SDKROOT; };
		61487B4E16C1DCDA00F47241 /* QuartzCore.framework */ = {isa = PBXFileReference; lastKnownFileType = wrapper.framework; name = QuartzCore.framework; path = System/Library/Frameworks/QuartzCore.framework; sourceTree = SDKROOT; };
		61487B4F16C1DCDA00F47241 /* Security.framework */ = {isa = PBXFileReference; lastKnownFileType = wrapper.framework; name = Security.framework; path = System/Library/Frameworks/Security.framework; sourceTree = SDKROOT; };
		61487B5016C1DCDA00F47241 /* SystemConfiguration.framework */ = {isa = PBXFileReference; lastKnownFileType = wrapper.framework; name = SystemConfiguration.framework; path = System/Library/Frameworks/SystemConfiguration.framework; sourceTree = SDKROOT; };
		61487B5B16C1DD7300F47241 /* BHRootViewController.h */ = {isa = PBXFileReference; fileEncoding = 4; lastKnownFileType = sourcecode.c.h; path = BHRootViewController.h; sourceTree = "<group>"; };
		61487B5C16C1DD7300F47241 /* BHRootViewController.m */ = {isa = PBXFileReference; fileEncoding = 4; lastKnownFileType = sourcecode.c.objc; path = BHRootViewController.m; sourceTree = "<group>"; };
		61487B5E16C1DEC000F47241 /* BHCoreDataManager.h */ = {isa = PBXFileReference; fileEncoding = 4; lastKnownFileType = sourcecode.c.h; path = BHCoreDataManager.h; sourceTree = "<group>"; };
		61487B5F16C1DEC000F47241 /* BHCoreDataManager.m */ = {isa = PBXFileReference; fileEncoding = 4; lastKnownFileType = sourcecode.c.objc; path = BHCoreDataManager.m; sourceTree = "<group>"; };
		61487B6116C1E01900F47241 /* BHUtils.h */ = {isa = PBXFileReference; fileEncoding = 4; lastKnownFileType = sourcecode.c.h; path = BHUtils.h; sourceTree = "<group>"; };
		61487B6216C1E01900F47241 /* BHUtils.m */ = {isa = PBXFileReference; fileEncoding = 4; lastKnownFileType = sourcecode.c.objc; path = BHUtils.m; sourceTree = "<group>"; };
		61487B6616C1E2C300F47241 /* UUIDPoc.xcdatamodel */ = {isa = PBXFileReference; lastKnownFileType = wrapper.xcdatamodel; path = UUIDPoc.xcdatamodel; sourceTree = "<group>"; };
		61487B6816C1E4B900F47241 /* BHDashboardViewController.h */ = {isa = PBXFileReference; fileEncoding = 4; lastKnownFileType = sourcecode.c.h; path = BHDashboardViewController.h; sourceTree = "<group>"; };
		61487B6916C1E4B900F47241 /* BHDashboardViewController.m */ = {isa = PBXFileReference; fileEncoding = 4; lastKnownFileType = sourcecode.c.objc; path = BHDashboardViewController.m; sourceTree = "<group>"; };
		61487B6B16C1E4CD00F47241 /* BHDashboardViewController.xib */ = {isa = PBXFileReference; fileEncoding = 4; lastKnownFileType = file.xib; path = BHDashboardViewController.xib; sourceTree = "<group>"; };
		61487B7016C2113100F47241 /* BHDashboardCollectionViewCell.h */ = {isa = PBXFileReference; fileEncoding = 4; lastKnownFileType = sourcecode.c.h; path = BHDashboardCollectionViewCell.h; sourceTree = "<group>"; };
		61487B7116C2113100F47241 /* BHDashboardCollectionViewCell.m */ = {isa = PBXFileReference; fileEncoding = 4; lastKnownFileType = sourcecode.c.objc; path = BHDashboardCollectionViewCell.m; sourceTree = "<group>"; };
		61487B7316C2116100F47241 /* BHDashboardCollectionViewCellContentView.h */ = {isa = PBXFileReference; fileEncoding = 4; lastKnownFileType = sourcecode.c.h; path = BHDashboardCollectionViewCellContentView.h; sourceTree = "<group>"; };
		61487B7416C2116100F47241 /* BHDashboardCollectionViewCellContentView.m */ = {isa = PBXFileReference; fileEncoding = 4; lastKnownFileType = sourcecode.c.objc; path = BHDashboardCollectionViewCellContentView.m; sourceTree = "<group>"; };
		61487B7616C2122800F47241 /* BHDashboardCollectionViewCellContentView.xib */ = {isa = PBXFileReference; fileEncoding = 4; lastKnownFileType = file.xib; path = BHDashboardCollectionViewCellContentView.xib; sourceTree = "<group>"; };
		61A3FA7816D2BF0A00735DA2 /* libCBLEUUIDTest.a */ = {isa = PBXFileReference; lastKnownFileType = archive.ar; name = libCBLEUUIDTest.a; path = "../CBLEUUIDTest/build/Release-iphoneos/libCBLEUUIDTest.a"; sourceTree = "<group>"; };
		61A3FA8B16D2C0E800735DA2 /* DBTest.h */ = {isa = PBXFileReference; fileEncoding = 4; lastKnownFileType = sourcecode.c.h; path = DBTest.h; sourceTree = "<group>"; };
		61A3FA8C16D2C0E800735DA2 /* DBTest.m */ = {isa = PBXFileReference; fileEncoding = 4; lastKnownFileType = sourcecode.c.objc; path = DBTest.m; sourceTree = "<group>"; };
		61A3FA8F16D2C0E800735DA2 /* DBDebugLog.h */ = {isa = PBXFileReference; fileEncoding = 4; lastKnownFileType = sourcecode.c.h; path = DBDebugLog.h; sourceTree = "<group>"; };
		61A3FA9016D2C0E800735DA2 /* DBDebugLog.m */ = {isa = PBXFileReference; fileEncoding = 4; lastKnownFileType = sourcecode.c.objc; path = DBDebugLog.m; sourceTree = "<group>"; };
		61A3FA9116D2C0E800735DA2 /* DBTransfer.h */ = {isa = PBXFileReference; fileEncoding = 4; lastKnownFileType = sourcecode.c.h; path = DBTransfer.h; sourceTree = "<group>"; };
		61A3FA9216D2C0E800735DA2 /* DBTransfer.m */ = {isa = PBXFileReference; fileEncoding = 4; lastKnownFileType = sourcecode.c.objc; path = DBTransfer.m; sourceTree = "<group>"; };
		61A3FA9716D2C15D00735DA2 /* BHTest.h */ = {isa = PBXFileReference; fileEncoding = 4; lastKnownFileType = sourcecode.c.h; path = BHTest.h; sourceTree = "<group>"; };
		61A3FA9816D2C15D00735DA2 /* BHTest.m */ = {isa = PBXFileReference; fileEncoding = 4; lastKnownFileType = sourcecode.c.objc; path = BHTest.m; sourceTree = "<group>"; };
		61A3FA9A16D2C3DC00735DA2 /* BHError.h */ = {isa = PBXFileReference; fileEncoding = 4; lastKnownFileType = sourcecode.c.h; path = BHError.h; sourceTree = "<group>"; };
		61A3FA9B16D2C3DC00735DA2 /* BHError.m */ = {isa = PBXFileReference; fileEncoding = 4; lastKnownFileType = sourcecode.c.objc; path = BHError.m; sourceTree = "<group>"; };
		61A3FA9D16D2C40800735DA2 /* DBError.h */ = {isa = PBXFileReference; fileEncoding = 4; lastKnownFileType = sourcecode.c.h; path = DBError.h; sourceTree = "<group>"; };
		61A3FA9E16D2C40800735DA2 /* DBError.m */ = {isa = PBXFileReference; fileEncoding = 4; lastKnownFileType = sourcecode.c.objc; path = DBError.m; sourceTree = "<group>"; };
		61A3FAA016D2C7EF00735DA2 /* BHDBObject.h */ = {isa = PBXFileReference; fileEncoding = 4; lastKnownFileType = sourcecode.c.h; path = BHDBObject.h; sourceTree = "<group>"; };
		61A3FAA116D2C7EF00735DA2 /* BHDBObject.m */ = {isa = PBXFileReference; fileEncoding = 4; lastKnownFileType = sourcecode.c.objc; path = BHDBObject.m; sourceTree = "<group>"; };
		61A3FAA316D2C8DF00735DA2 /* BHTransfer.h */ = {isa = PBXFileReference; fileEncoding = 4; lastKnownFileType = sourcecode.c.h; path = BHTransfer.h; sourceTree = "<group>"; };
		61A3FAA416D2C8DF00735DA2 /* BHTransfer.m */ = {isa = PBXFileReference; fileEncoding = 4; lastKnownFileType = sourcecode.c.objc; path = BHTransfer.m; sourceTree = "<group>"; };
		61A3FAA616D2CA4D00735DA2 /* BHDebugLog.h */ = {isa = PBXFileReference; fileEncoding = 4; lastKnownFileType = sourcecode.c.h; path = BHDebugLog.h; sourceTree = "<group>"; };
		61A3FAA716D2CA4E00735DA2 /* BHDebugLog.m */ = {isa = PBXFileReference; fileEncoding = 4; lastKnownFileType = sourcecode.c.objc; path = BHDebugLog.m; sourceTree = "<group>"; };
		61C5D78016D45FB800D64CE0 /* UUIDPocTests.octest */ = {isa = PBXFileReference; explicitFileType = wrapper.cfbundle; includeInIndex = 0; path = UUIDPocTests.octest; sourceTree = BUILT_PRODUCTS_DIR; };
		61C5D78116D45FB800D64CE0 /* SenTestingKit.framework */ = {isa = PBXFileReference; lastKnownFileType = wrapper.framework; name = SenTestingKit.framework; path = Library/Frameworks/SenTestingKit.framework; sourceTree = DEVELOPER_DIR; };
		61C5D78716D45FB800D64CE0 /* UUIDPocTests-Info.plist */ = {isa = PBXFileReference; lastKnownFileType = text.plist.xml; path = "UUIDPocTests-Info.plist"; sourceTree = "<group>"; };
		61C5D78916D45FB800D64CE0 /* en */ = {isa = PBXFileReference; lastKnownFileType = text.plist.strings; name = en; path = en.lproj/InfoPlist.strings; sourceTree = "<group>"; };
		61C5D78B16D45FB800D64CE0 /* UUIDPocTests.h */ = {isa = PBXFileReference; lastKnownFileType = sourcecode.c.h; path = UUIDPocTests.h; sourceTree = "<group>"; };
		61C5D78C16D45FB800D64CE0 /* UUIDPocTests.m */ = {isa = PBXFileReference; lastKnownFileType = sourcecode.c.objc; path = UUIDPocTests.m; sourceTree = "<group>"; };
		61C5D78E16D45FB800D64CE0 /* UUIDPocTests-Prefix.pch */ = {isa = PBXFileReference; lastKnownFileType = sourcecode.c.h; path = "UUIDPocTests-Prefix.pch"; sourceTree = "<group>"; };
		61C5D7AB16D4603800D64CE0 /* libCBLEUUIDTest.a */ = {isa = PBXFileReference; lastKnownFileType = archive.ar; name = libCBLEUUIDTest.a; path = "../../CBLEUUIDTest/build/Release-iphoneos/libCBLEUUIDTest.a"; sourceTree = "<group>"; };
/* End PBXFileReference section */

/* Begin PBXFrameworksBuildPhase section */
		61487B2016C1DC8600F47241 /* Frameworks */ = {
			isa = PBXFrameworksBuildPhase;
			buildActionMask = 2147483647;
			files = (
				61A3FA7916D2BF0A00735DA2 /* libCBLEUUIDTest.a in Frameworks */,
				61487B5116C1DCDA00F47241 /* CoreBluetooth.framework in Frameworks */,
				61487B5216C1DCDA00F47241 /* CoreData.framework in Frameworks */,
				61487B5316C1DCDA00F47241 /* CoreLocation.framework in Frameworks */,
				61487B5416C1DCDA00F47241 /* MobileCoreServices.framework in Frameworks */,
				61487B5516C1DCDA00F47241 /* QuartzCore.framework in Frameworks */,
				61487B5616C1DCDA00F47241 /* Security.framework in Frameworks */,
				61487B5716C1DCDA00F47241 /* SystemConfiguration.framework in Frameworks */,
				61487B2816C1DC8600F47241 /* UIKit.framework in Frameworks */,
				61487B2A16C1DC8600F47241 /* Foundation.framework in Frameworks */,
				61487B2C16C1DC8600F47241 /* CoreGraphics.framework in Frameworks */,
			);
			runOnlyForDeploymentPostprocessing = 0;
		};
		61C5D77C16D45FB800D64CE0 /* Frameworks */ = {
			isa = PBXFrameworksBuildPhase;
			buildActionMask = 2147483647;
			files = (
				61C5D7AC16D4603800D64CE0 /* libCBLEUUIDTest.a in Frameworks */,
				61C5D7A416D4603800D64CE0 /* CoreBluetooth.framework in Frameworks */,
				61C5D7A516D4603800D64CE0 /* CoreData.framework in Frameworks */,
				61C5D7A616D4603800D64CE0 /* CoreLocation.framework in Frameworks */,
				61C5D7A716D4603800D64CE0 /* MobileCoreServices.framework in Frameworks */,
				61C5D7A816D4603800D64CE0 /* QuartzCore.framework in Frameworks */,
				61C5D7A916D4603800D64CE0 /* Security.framework in Frameworks */,
				61C5D7AA16D4603800D64CE0 /* SystemConfiguration.framework in Frameworks */,
				61C5D78216D45FB800D64CE0 /* SenTestingKit.framework in Frameworks */,
				61C5D78316D45FB800D64CE0 /* UIKit.framework in Frameworks */,
				61C5D78416D45FB800D64CE0 /* Foundation.framework in Frameworks */,
			);
			runOnlyForDeploymentPostprocessing = 0;
		};
/* End PBXFrameworksBuildPhase section */

/* Begin PBXGroup section */
		61487B1816C1DC8600F47241 = {
			isa = PBXGroup;
			children = (
				61487B2D16C1DC8600F47241 /* UUIDPoc */,
				61C5D78516D45FB800D64CE0 /* UUIDPocTests */,
				61487B2616C1DC8600F47241 /* Frameworks */,
				61487B2416C1DC8600F47241 /* Products */,
			);
			sourceTree = "<group>";
		};
		61487B2416C1DC8600F47241 /* Products */ = {
			isa = PBXGroup;
			children = (
				61487B2316C1DC8600F47241 /* UUIDPoc.app */,
				61C5D78016D45FB800D64CE0 /* UUIDPocTests.octest */,
			);
			name = Products;
			sourceTree = "<group>";
		};
		61487B2616C1DC8600F47241 /* Frameworks */ = {
			isa = PBXGroup;
			children = (
				61A3FA7816D2BF0A00735DA2 /* libCBLEUUIDTest.a */,
				61487B4A16C1DCDA00F47241 /* CoreBluetooth.framework */,
				61487B4B16C1DCDA00F47241 /* CoreData.framework */,
				61487B4C16C1DCDA00F47241 /* CoreLocation.framework */,
				61487B4D16C1DCDA00F47241 /* MobileCoreServices.framework */,
				61487B4E16C1DCDA00F47241 /* QuartzCore.framework */,
				61487B4F16C1DCDA00F47241 /* Security.framework */,
				61487B5016C1DCDA00F47241 /* SystemConfiguration.framework */,
				61487B2716C1DC8600F47241 /* UIKit.framework */,
				61487B2916C1DC8600F47241 /* Foundation.framework */,
				61487B2B16C1DC8600F47241 /* CoreGraphics.framework */,
				61C5D78116D45FB800D64CE0 /* SenTestingKit.framework */,
			);
			name = Frameworks;
			sourceTree = "<group>";
		};
		61487B2D16C1DC8600F47241 /* UUIDPoc */ = {
			isa = PBXGroup;
			children = (
				61487B5A16C1DD3C00F47241 /* Objects */,
				61487B5916C1DD3800F47241 /* XIB */,
				61487B5816C1DD2F00F47241 /* ViewControllers */,
				61487B2E16C1DC8600F47241 /* Supporting Files */,
			);
			path = UUIDPoc;
			sourceTree = "<group>";
		};
		61487B2E16C1DC8600F47241 /* Supporting Files */ = {
			isa = PBXGroup;
			children = (
				61487B2F16C1DC8600F47241 /* UUIDPoc-Info.plist */,
				61487B3016C1DC8600F47241 /* InfoPlist.strings */,
				61487B3316C1DC8600F47241 /* main.m */,
				61487B3516C1DC8600F47241 /* UUIDPoc-Prefix.pch */,
				61487B3916C1DC8600F47241 /* Default.png */,
				61487B3B16C1DC8600F47241 /* Default@2x.png */,
				61487B3D16C1DC8600F47241 /* Default-568h@2x.png */,
			);
			name = "Supporting Files";
			sourceTree = "<group>";
		};
		61487B5816C1DD2F00F47241 /* ViewControllers */ = {
			isa = PBXGroup;
			children = (
				61487B3F16C1DC8600F47241 /* BHViewController.h */,
				61487B4016C1DC8600F47241 /* BHViewController.m */,
				61487B5B16C1DD7300F47241 /* BHRootViewController.h */,
				61487B5C16C1DD7300F47241 /* BHRootViewController.m */,
				61487B6816C1E4B900F47241 /* BHDashboardViewController.h */,
				61487B6916C1E4B900F47241 /* BHDashboardViewController.m */,
			);
			name = ViewControllers;
			sourceTree = "<group>";
		};
		61487B5916C1DD3800F47241 /* XIB */ = {
			isa = PBXGroup;
			children = (
				61487B6B16C1E4CD00F47241 /* BHDashboardViewController.xib */,
				61487B7616C2122800F47241 /* BHDashboardCollectionViewCellContentView.xib */,
			);
			name = XIB;
			sourceTree = "<group>";
		};
		61487B5A16C1DD3C00F47241 /* Objects */ = {
			isa = PBXGroup;
			children = (
				61487B6F16C210CE00F47241 /* UI */,
				61487B6416C1E2B200F47241 /* DB */,
				61487B3616C1DC8600F47241 /* BHAppDelegate.h */,
				61487B3716C1DC8600F47241 /* BHAppDelegate.m */,
				61487B5E16C1DEC000F47241 /* BHCoreDataManager.h */,
				61487B5F16C1DEC000F47241 /* BHCoreDataManager.m */,
				61487B6116C1E01900F47241 /* BHUtils.h */,
				61487B6216C1E01900F47241 /* BHUtils.m */,
			);
			name = Objects;
			sourceTree = "<group>";
		};
		61487B6416C1E2B200F47241 /* DB */ = {
			isa = PBXGroup;
			children = (
				61A3FAA016D2C7EF00735DA2 /* BHDBObject.h */,
				61A3FAA116D2C7EF00735DA2 /* BHDBObject.m */,
				61A3FAA616D2CA4D00735DA2 /* BHDebugLog.h */,
				61A3FAA716D2CA4E00735DA2 /* BHDebugLog.m */,
				61A3FA9A16D2C3DC00735DA2 /* BHError.h */,
				61A3FA9B16D2C3DC00735DA2 /* BHError.m */,
				61A3FA9716D2C15D00735DA2 /* BHTest.h */,
				61A3FA9816D2C15D00735DA2 /* BHTest.m */,
				61A3FAA316D2C8DF00735DA2 /* BHTransfer.h */,
				61A3FAA416D2C8DF00735DA2 /* BHTransfer.m */,
				61A3FA8F16D2C0E800735DA2 /* DBDebugLog.h */,
				61A3FA9016D2C0E800735DA2 /* DBDebugLog.m */,
				61A3FA9D16D2C40800735DA2 /* DBError.h */,
				61A3FA9E16D2C40800735DA2 /* DBError.m */,
				61A3FA8B16D2C0E800735DA2 /* DBTest.h */,
				61A3FA8C16D2C0E800735DA2 /* DBTest.m */,
				61A3FA9116D2C0E800735DA2 /* DBTransfer.h */,
				61A3FA9216D2C0E800735DA2 /* DBTransfer.m */,
				61487B6516C1E2C300F47241 /* UUIDPoc.xcdatamodeld */,
			);
			name = DB;
			sourceTree = "<group>";
		};
		61487B6F16C210CE00F47241 /* UI */ = {
			isa = PBXGroup;
			children = (
				61487B7016C2113100F47241 /* BHDashboardCollectionViewCell.h */,
				61487B7116C2113100F47241 /* BHDashboardCollectionViewCell.m */,
				61487B7316C2116100F47241 /* BHDashboardCollectionViewCellContentView.h */,
				61487B7416C2116100F47241 /* BHDashboardCollectionViewCellContentView.m */,
			);
			name = UI;
			sourceTree = "<group>";
		};
		61C5D78516D45FB800D64CE0 /* UUIDPocTests */ = {
			isa = PBXGroup;
			children = (
				61C5D7AB16D4603800D64CE0 /* libCBLEUUIDTest.a */,
				61C5D78B16D45FB800D64CE0 /* UUIDPocTests.h */,
				61C5D78C16D45FB800D64CE0 /* UUIDPocTests.m */,
				61C5D78616D45FB800D64CE0 /* Supporting Files */,
			);
			path = UUIDPocTests;
			sourceTree = "<group>";
		};
		61C5D78616D45FB800D64CE0 /* Supporting Files */ = {
			isa = PBXGroup;
			children = (
				61C5D78716D45FB800D64CE0 /* UUIDPocTests-Info.plist */,
				61C5D78816D45FB800D64CE0 /* InfoPlist.strings */,
				61C5D78E16D45FB800D64CE0 /* UUIDPocTests-Prefix.pch */,
			);
			name = "Supporting Files";
			sourceTree = "<group>";
		};
/* End PBXGroup section */

/* Begin PBXNativeTarget section */
		61487B2216C1DC8600F47241 /* UUIDPoc */ = {
			isa = PBXNativeTarget;
			buildConfigurationList = 61487B4716C1DC8600F47241 /* Build configuration list for PBXNativeTarget "UUIDPoc" */;
			buildPhases = (
				61487B1F16C1DC8600F47241 /* Sources */,
				61487B2016C1DC8600F47241 /* Frameworks */,
				61487B2116C1DC8600F47241 /* Resources */,
			);
			buildRules = (
			);
			dependencies = (
			);
			name = UUIDPoc;
			productName = UUIDPoc;
			productReference = 61487B2316C1DC8600F47241 /* UUIDPoc.app */;
			productType = "com.apple.product-type.application";
		};
		61C5D77F16D45FB800D64CE0 /* UUIDPocTests */ = {
			isa = PBXNativeTarget;
			buildConfigurationList = 61C5D79116D45FB800D64CE0 /* Build configuration list for PBXNativeTarget "UUIDPocTests" */;
			buildPhases = (
				61C5D77B16D45FB800D64CE0 /* Sources */,
				61C5D77C16D45FB800D64CE0 /* Frameworks */,
				61C5D77D16D45FB800D64CE0 /* Resources */,
				61C5D77E16D45FB800D64CE0 /* ShellScript */,
			);
			buildRules = (
			);
			dependencies = (
			);
			name = UUIDPocTests;
			productName = UUIDPocTests;
			productReference = 61C5D78016D45FB800D64CE0 /* UUIDPocTests.octest */;
			productType = "com.apple.product-type.bundle";
		};
/* End PBXNativeTarget section */

/* Begin PBXProject section */
		61487B1A16C1DC8600F47241 /* Project object */ = {
			isa = PBXProject;
			attributes = {
				CLASSPREFIX = BH;
				LastUpgradeCheck = 0450;
				ORGANIZATIONNAME = "Ryan Morton";
			};
			buildConfigurationList = 61487B1D16C1DC8600F47241 /* Build configuration list for PBXProject "UUIDPoc" */;
			compatibilityVersion = "Xcode 3.2";
			developmentRegion = English;
			hasScannedForEncodings = 0;
			knownRegions = (
				en,
			);
			mainGroup = 61487B1816C1DC8600F47241;
			productRefGroup = 61487B2416C1DC8600F47241 /* Products */;
			projectDirPath = "";
			projectRoot = "";
			targets = (
				61487B2216C1DC8600F47241 /* UUIDPoc */,
				61C5D77F16D45FB800D64CE0 /* UUIDPocTests */,
			);
		};
/* End PBXProject section */

/* Begin PBXResourcesBuildPhase section */
		61487B2116C1DC8600F47241 /* Resources */ = {
			isa = PBXResourcesBuildPhase;
			buildActionMask = 2147483647;
			files = (
				61487B3216C1DC8600F47241 /* InfoPlist.strings in Resources */,
				61487B3A16C1DC8600F47241 /* Default.png in Resources */,
				61487B3C16C1DC8600F47241 /* Default@2x.png in Resources */,
				61487B3E16C1DC8600F47241 /* Default-568h@2x.png in Resources */,
				61487B6C16C1E4CD00F47241 /* BHDashboardViewController.xib in Resources */,
				61487B7716C2122800F47241 /* BHDashboardCollectionViewCellContentView.xib in Resources */,
			);
			runOnlyForDeploymentPostprocessing = 0;
		};
		61C5D77D16D45FB800D64CE0 /* Resources */ = {
			isa = PBXResourcesBuildPhase;
			buildActionMask = 2147483647;
			files = (
				61C5D78A16D45FB800D64CE0 /* InfoPlist.strings in Resources */,
			);
			runOnlyForDeploymentPostprocessing = 0;
		};
/* End PBXResourcesBuildPhase section */

/* Begin PBXShellScriptBuildPhase section */
		61C5D77E16D45FB800D64CE0 /* ShellScript */ = {
			isa = PBXShellScriptBuildPhase;
			buildActionMask = 2147483647;
			files = (
			);
			inputPaths = (
			);
			outputPaths = (
			);
			runOnlyForDeploymentPostprocessing = 0;
			shellPath = /bin/sh;
			shellScript = "# Run the unit tests in this test bundle.\n\"${SYSTEM_DEVELOPER_DIR}/Tools/RunUnitTests\"\n";
		};
/* End PBXShellScriptBuildPhase section */

/* Begin PBXSourcesBuildPhase section */
		61487B1F16C1DC8600F47241 /* Sources */ = {
			isa = PBXSourcesBuildPhase;
			buildActionMask = 2147483647;
			files = (
				61487B3416C1DC8600F47241 /* main.m in Sources */,
				61487B3816C1DC8600F47241 /* BHAppDelegate.m in Sources */,
				61487B4116C1DC8600F47241 /* BHViewController.m in Sources */,
				61487B5D16C1DD7300F47241 /* BHRootViewController.m in Sources */,
				61487B6016C1DEC000F47241 /* BHCoreDataManager.m in Sources */,
				61487B6316C1E01900F47241 /* BHUtils.m in Sources */,
				61487B6716C1E2C300F47241 /* UUIDPoc.xcdatamodeld in Sources */,
				61487B6A16C1E4B900F47241 /* BHDashboardViewController.m in Sources */,
				61487B7216C2113100F47241 /* BHDashboardCollectionViewCell.m in Sources */,
				61487B7516C2116100F47241 /* BHDashboardCollectionViewCellContentView.m in Sources */,
				61A3FA9316D2C0E800735DA2 /* DBTest.m in Sources */,
				61A3FA9516D2C0E800735DA2 /* DBDebugLog.m in Sources */,
				61A3FA9616D2C0E800735DA2 /* DBTransfer.m in Sources */,
				61A3FA9916D2C15D00735DA2 /* BHTest.m in Sources */,
				61A3FA9C16D2C3DC00735DA2 /* BHError.m in Sources */,
				61A3FA9F16D2C40800735DA2 /* DBError.m in Sources */,
				61A3FAA216D2C7EF00735DA2 /* BHDBObject.m in Sources */,
				61A3FAA516D2C8DF00735DA2 /* BHTransfer.m in Sources */,
				61A3FAA816D2CA4E00735DA2 /* BHDebugLog.m in Sources */,
			);
			runOnlyForDeploymentPostprocessing = 0;
		};
		61C5D77B16D45FB800D64CE0 /* Sources */ = {
			isa = PBXSourcesBuildPhase;
			buildActionMask = 2147483647;
			files = (
				61C5D7AD16D4621400D64CE0 /* UUIDPoc.xcdatamodeld in Sources */,
				61C5D79316D45FF200D64CE0 /* BHDashboardCollectionViewCell.m in Sources */,
				61C5D79416D45FF200D64CE0 /* BHDashboardCollectionViewCellContentView.m in Sources */,
				61C5D79516D45FF200D64CE0 /* BHDBObject.m in Sources */,
				61C5D79616D45FF200D64CE0 /* BHDebugLog.m in Sources */,
				61C5D79716D45FF200D64CE0 /* BHError.m in Sources */,
				61C5D79816D45FF200D64CE0 /* BHTest.m in Sources */,
				61C5D79916D45FF200D64CE0 /* BHTransfer.m in Sources */,
				61C5D79A16D45FF200D64CE0 /* DBDebugLog.m in Sources */,
				61C5D79B16D45FF200D64CE0 /* DBError.m in Sources */,
				61C5D79C16D45FF200D64CE0 /* DBTest.m in Sources */,
				61C5D79D16D45FF200D64CE0 /* DBTransfer.m in Sources */,
				61C5D79E16D45FF200D64CE0 /* BHAppDelegate.m in Sources */,
				61C5D79F16D45FF200D64CE0 /* BHCoreDataManager.m in Sources */,
				61C5D7A016D45FF200D64CE0 /* BHUtils.m in Sources */,
				61C5D7A116D45FF200D64CE0 /* BHViewController.m in Sources */,
				61C5D7A216D45FF200D64CE0 /* BHRootViewController.m in Sources */,
				61C5D7A316D45FF200D64CE0 /* BHDashboardViewController.m in Sources */,
				61C5D78D16D45FB800D64CE0 /* UUIDPocTests.m in Sources */,
			);
			runOnlyForDeploymentPostprocessing = 0;
		};
/* End PBXSourcesBuildPhase section */

/* Begin PBXVariantGroup section */
		61487B3016C1DC8600F47241 /* InfoPlist.strings */ = {
			isa = PBXVariantGroup;
			children = (
				61487B3116C1DC8600F47241 /* en */,
			);
			name = InfoPlist.strings;
			sourceTree = "<group>";
		};
		61C5D78816D45FB800D64CE0 /* InfoPlist.strings */ = {
			isa = PBXVariantGroup;
			children = (
				61C5D78916D45FB800D64CE0 /* en */,
			);
			name = InfoPlist.strings;
			sourceTree = "<group>";
		};
/* End PBXVariantGroup section */

/* Begin XCBuildConfiguration section */
		61487B4516C1DC8600F47241 /* Debug */ = {
			isa = XCBuildConfiguration;
			buildSettings = {
				ALWAYS_SEARCH_USER_PATHS = NO;
				CLANG_CXX_LANGUAGE_STANDARD = "gnu++0x";
				CLANG_CXX_LIBRARY = "libc++";
				CLANG_WARN_EMPTY_BODY = YES;
				CLANG_WARN__DUPLICATE_METHOD_MATCH = YES;
				"CODE_SIGN_IDENTITY[sdk=iphoneos*]" = "iPhone Developer";
				COPY_PHASE_STRIP = NO;
				GCC_C_LANGUAGE_STANDARD = gnu99;
				GCC_DYNAMIC_NO_PIC = NO;
				GCC_OPTIMIZATION_LEVEL = 0;
				GCC_PREPROCESSOR_DEFINITIONS = (
					"DEBUG=1",
					"$(inherited)",
				);
				GCC_SYMBOLS_PRIVATE_EXTERN = NO;
				GCC_WARN_ABOUT_RETURN_TYPE = YES;
				GCC_WARN_UNINITIALIZED_AUTOS = YES;
				GCC_WARN_UNUSED_VARIABLE = YES;
				IPHONEOS_DEPLOYMENT_TARGET = 6.0;
				SDKROOT = iphoneos;
			};
			name = Debug;
		};
		61487B4616C1DC8600F47241 /* Release */ = {
			isa = XCBuildConfiguration;
			buildSettings = {
				ALWAYS_SEARCH_USER_PATHS = NO;
				CLANG_CXX_LANGUAGE_STANDARD = "gnu++0x";
				CLANG_CXX_LIBRARY = "libc++";
				CLANG_WARN_EMPTY_BODY = YES;
				CLANG_WARN__DUPLICATE_METHOD_MATCH = YES;
				"CODE_SIGN_IDENTITY[sdk=iphoneos*]" = "iPhone Developer";
				COPY_PHASE_STRIP = YES;
				GCC_C_LANGUAGE_STANDARD = gnu99;
				GCC_WARN_ABOUT_RETURN_TYPE = YES;
				GCC_WARN_UNINITIALIZED_AUTOS = YES;
				GCC_WARN_UNUSED_VARIABLE = YES;
				IPHONEOS_DEPLOYMENT_TARGET = 6.0;
				OTHER_CFLAGS = "-DNS_BLOCK_ASSERTIONS=1";
				SDKROOT = iphoneos;
				VALIDATE_PRODUCT = YES;
			};
			name = Release;
		};
		61487B4816C1DC8600F47241 /* Debug */ = {
			isa = XCBuildConfiguration;
			buildSettings = {
				GCC_PRECOMPILE_PREFIX_HEADER = YES;
				GCC_PREFIX_HEADER = "UUIDPoc/UUIDPoc-Prefix.pch";
				INFOPLIST_FILE = "UUIDPoc/UUIDPoc-Info.plist";
				IPHONEOS_DEPLOYMENT_TARGET = 6.0;
				OTHER_LDFLAGS = "-all_load";
				PRODUCT_NAME = "$(TARGET_NAME)";
				WRAPPER_EXTENSION = app;
			};
			name = Debug;
		};
		61487B4916C1DC8600F47241 /* Release */ = {
			isa = XCBuildConfiguration;
			buildSettings = {
				GCC_PRECOMPILE_PREFIX_HEADER = YES;
				GCC_PREFIX_HEADER = "UUIDPoc/UUIDPoc-Prefix.pch";
				INFOPLIST_FILE = "UUIDPoc/UUIDPoc-Info.plist";
				IPHONEOS_DEPLOYMENT_TARGET = 6.0;
				OTHER_LDFLAGS = "-all_load";
				PRODUCT_NAME = "$(TARGET_NAME)";
				WRAPPER_EXTENSION = app;
			};
			name = Release;
		};
		61C5D78F16D45FB800D64CE0 /* Debug */ = {
			isa = XCBuildConfiguration;
			buildSettings = {
				FRAMEWORK_SEARCH_PATHS = (
					"\"$(SDKROOT)/Developer/Library/Frameworks\"",
					"\"$(DEVELOPER_LIBRARY_DIR)/Frameworks\"",
				);
				GCC_PRECOMPILE_PREFIX_HEADER = YES;
				GCC_PREFIX_HEADER = "UUIDPocTests/UUIDPocTests-Prefix.pch";
				INFOPLIST_FILE = "UUIDPocTests/UUIDPocTests-Info.plist";
				PRODUCT_NAME = "$(TARGET_NAME)";
				WRAPPER_EXTENSION = octest;
			};
			name = Debug;
		};
		61C5D79016D45FB800D64CE0 /* Release */ = {
			isa = XCBuildConfiguration;
			buildSettings = {
				FRAMEWORK_SEARCH_PATHS = (
					"\"$(SDKROOT)/Developer/Library/Frameworks\"",
					"\"$(DEVELOPER_LIBRARY_DIR)/Frameworks\"",
				);
				GCC_PRECOMPILE_PREFIX_HEADER = YES;
				GCC_PREFIX_HEADER = "UUIDPocTests/UUIDPocTests-Prefix.pch";
				INFOPLIST_FILE = "UUIDPocTests/UUIDPocTests-Info.plist";
				PRODUCT_NAME = "$(TARGET_NAME)";
				WRAPPER_EXTENSION = octest;
			};
			name = Release;
		};
/* End XCBuildConfiguration section */

/* Begin XCConfigurationList section */
		61487B1D16C1DC8600F47241 /* Build configuration list for PBXProject "UUIDPoc" */ = {
			isa = XCConfigurationList;
			buildConfigurations = (
				61487B4516C1DC8600F47241 /* Debug */,
				61487B4616C1DC8600F47241 /* Release */,
			);
			defaultConfigurationIsVisible = 0;
			defaultConfigurationName = Release;
		};
		61487B4716C1DC8600F47241 /* Build configuration list for PBXNativeTarget "UUIDPoc" */ = {
			isa = XCConfigurationList;
			buildConfigurations = (
				61487B4816C1DC8600F47241 /* Debug */,
				61487B4916C1DC8600F47241 /* Release */,
			);
			defaultConfigurationIsVisible = 0;
			defaultConfigurationName = Release;
		};
		61C5D79116D45FB800D64CE0 /* Build configuration list for PBXNativeTarget "UUIDPocTests" */ = {
			isa = XCConfigurationList;
			buildConfigurations = (
				61C5D78F16D45FB800D64CE0 /* Debug */,
				61C5D79016D45FB800D64CE0 /* Release */,
			);
			defaultConfigurationIsVisible = 0;
		};
/* End XCConfigurationList section */

/* Begin XCVersionGroup section */
		61487B6516C1E2C300F47241 /* UUIDPoc.xcdatamodeld */ = {
			isa = XCVersionGroup;
			children = (
				61487B6616C1E2C300F47241 /* UUIDPoc.xcdatamodel */,
			);
			currentVersion = 61487B6616C1E2C300F47241 /* UUIDPoc.xcdatamodel */;
			path = UUIDPoc.xcdatamodeld;
			sourceTree = "<group>";
			versionGroupType = wrapper.xcdatamodel;
		};
/* End XCVersionGroup section */
	};
	rootObject = 61487B1A16C1DC8600F47241 /* Project object */;
}
